
Microsoft Visual Studio Solution File, Format Version 12.00
# Visual Studio Version 16
VisualStudioVersion = 16.0.29709.97
MinimumVisualStudioVersion = 10.0.40219.1
Project("{FAE04EC0-301F-11D3-BF4B-00C04F79EFBC}") = "App", "App\App.csproj", "{693909A3-958F-4494-9EA8-28864A57FE9C}"
EndProject
Project("{FAE04EC0-301F-11D3-BF4B-00C04F79EFBC}") = "App.Tests", "App.Tests\App.Tests.csproj", "{612440E3-CF7A-4D66-944C-0A7B15DF5B75}"
EndProject
Global
	GlobalSection(SolutionConfigurationPlatforms) = preSolution
		Debug|Any CPU = Debug|Any CPU
		Debug|x64 = Debug|x64
		Release|Any CPU = Release|Any CPU
		Release|x64 = Release|x64
	EndGlobalSection
	GlobalSection(ProjectConfigurationPlatforms) = postSolution
		{693909A3-958F-4494-9EA8-28864A57FE9C}.Debug|Any CPU.ActiveCfg = Debug|Any CPU
		{693909A3-958F-4494-9EA8-28864A57FE9C}.Debug|Any CPU.Build.0 = Debug|Any CPU
		{693909A3-958F-4494-9EA8-28864A57FE9C}.Debug|x64.ActiveCfg = Debug|x64
		{693909A3-958F-4494-9EA8-28864A57FE9C}.Debug|x64.Build.0 = Debug|x64
		{693909A3-958F-4494-9EA8-28864A57FE9C}.Release|Any CPU.ActiveCfg = Release|Any CPU
		{693909A3-958F-4494-9EA8-28864A57FE9C}.Release|Any CPU.Build.0 = Release|Any CPU
		{693909A3-958F-4494-9EA8-28864A57FE9C}.Release|x64.ActiveCfg = Release|x64
		{693909A3-958F-4494-9EA8-28864A57FE9C}.Release|x64.Build.0 = Release|x64
		{612440E3-CF7A-4D66-944C-0A7B15DF5B75}.Debug|Any CPU.ActiveCfg = Debug|Any CPU
		{612440E3-CF7A-4D66-944C-0A7B15DF5B75}.Debug|Any CPU.Build.0 = Debug|Any CPU
		{612440E3-CF7A-4D66-944C-0A7B15DF5B75}.Debug|x64.ActiveCfg = Debug|x64
		{612440E3-CF7A-4D66-944C-0A7B15DF5B75}.Debug|x64.Build.0 = Debug|x64
		{612440E3-CF7A-4D66-944C-0A7B15DF5B75}.Release|Any CPU.ActiveCfg = Release|Any CPU
		{612440E3-CF7A-4D66-944C-0A7B15DF5B75}.Release|Any CPU.Build.0 = Release|Any CPU
		{612440E3-CF7A-4D66-944C-0A7B15DF5B75}.Release|x64.ActiveCfg = Release|x64
		{612440E3-CF7A-4D66-944C-0A7B15DF5B75}.Release|x64.Build.0 = Release|x64
	EndGlobalSection
	GlobalSection(SolutionProperties) = preSolution
		HideSolutionNode = FALSE
	EndGlobalSection
	GlobalSection(ExtensibilityGlobals) = postSolution
		SolutionGuid = {92E96B72-9626-4254-BDE1-139FA1316342}
	EndGlobalSection
EndGlobal
